PODS:
  - boost (1.76.0)
  - DoubleConversion (1.1.6)
  - FBLazyVector (0.66.4)
  - FBReactNativeSpec (0.66.4):
    - RCT-Folly (= 2021.06.28.00-v2)
    - RCTRequired (= 0.66.4)
    - RCTTypeSafety (= 0.66.4)
    - React-Core (= 0.66.4)
    - React-jsi (= 0.66.4)
    - ReactCommon/turbomodule/core (= 0.66.4)
  - glog (0.3.5)
  - RCT-Folly (2021.06.28.00-v2):
    - boost
    - DoubleConversion
    - glog
    - RCT-Folly/Default (= 2021.06.28.00-v2)
  - RCT-Folly/Default (2021.06.28.00-v2):
    - boost
    - DoubleConversion
    - glog
  - RCTRequired (0.66.4)
  - RCTTypeSafety (0.66.4):
    - FBLazyVector (= 0.66.4)
    - RCT-Folly (= 2021.06.28.00-v2)
    - RCTRequired (= 0.66.4)
    - React-Core (= 0.66.4)
  - React (0.66.4):
    - React-Core (= 0.66.4)
    - React-Core/DevSupport (= 0.66.4)
    - React-Core/RCTWebSocket (= 0.66.4)
    - React-RCTBlob (= 0.66.4)
    - React-RCTImage (= 0.66.4)
    - React-RCTLinking (= 0.66.4)
    - React-RCTNetwork (= 0.66.4)
    - React-RCTSettings (= 0.66.4)
    - React-RCTText (= 0.66.4)
  - React-callinvoker (0.66.4)
  - React-Core (0.66.4):
    - glog
    - RCT-Folly (= 2021.06.28.00-v2)
    - React-Core/Default (= 0.66.4)
    - React-cxxreact (= 0.66.4)
    - React-jsi (= 0.66.4)
    - React-jsiexecutor (= 0.66.4)
    - React-perflogger (= 0.66.4)
    - Yoga
  - React-Core/CoreModulesHeaders (0.66.4):
    - glog
    - RCT-Folly (= 2021.06.28.00-v2)
    - React-Core/Default
    - React-cxxreact (= 0.66.4)
    - React-jsi (= 0.66.4)
    - React-jsiexecutor (= 0.66.4)
    - React-perflogger (= 0.66.4)
    - Yoga
  - React-Core/Default (0.66.4):
    - glog
    - RCT-Folly (= 2021.06.28.00-v2)
    - React-cxxreact (= 0.66.4)
    - React-jsi (= 0.66.4)
    - React-jsiexecutor (= 0.66.4)
    - React-perflogger (= 0.66.4)
    - Yoga
  - React-Core/DevSupport (0.66.4):
    - glog
    - RCT-Folly (= 2021.06.28.00-v2)
    - React-Core/Default (= 0.66.4)
    - React-Core/RCTWebSocket (= 0.66.4)
    - React-cxxreact (= 0.66.4)
    - React-jsi (= 0.66.4)
    - React-jsiexecutor (= 0.66.4)
    - React-jsinspector (= 0.66.4)
    - React-perflogger (= 0.66.4)
    - Yoga
  - React-Core/RCTAnimationHeaders (0.66.4):
    - glog
    - RCT-Folly (= 2021.06.28.00-v2)
    - React-Core/Default
    - React-cxxreact (= 0.66.4)
    - React-jsi (= 0.66.4)
    - React-jsiexecutor (= 0.66.4)
    - React-perflogger (= 0.66.4)
    - Yoga
  - React-Core/RCTBlobHeaders (0.66.4):
    - glog
    - RCT-Folly (= 2021.06.28.00-v2)
    - React-Core/Default
    - React-cxxreact (= 0.66.4)
    - React-jsi (= 0.66.4)
    - React-jsiexecutor (= 0.66.4)
    - React-perflogger (= 0.66.4)
    - Yoga
  - React-Core/RCTImageHeaders (0.66.4):
    - glog
    - RCT-Folly (= 2021.06.28.00-v2)
    - React-Core/Default
    - React-cxxreact (= 0.66.4)
    - React-jsi (= 0.66.4)
    - React-jsiexecutor (= 0.66.4)
    - React-perflogger (= 0.66.4)
    - Yoga
  - React-Core/RCTLinkingHeaders (0.66.4):
    - glog
    - RCT-Folly (= 2021.06.28.00-v2)
    - React-Core/Default
    - React-cxxreact (= 0.66.4)
    - React-jsi (= 0.66.4)
    - React-jsiexecutor (= 0.66.4)
    - React-perflogger (= 0.66.4)
    - Yoga
  - React-Core/RCTNetworkHeaders (0.66.4):
    - glog
    - RCT-Folly (= 2021.06.28.00-v2)
    - React-Core/Default
    - React-cxxreact (= 0.66.4)
    - React-jsi (= 0.66.4)
    - React-jsiexecutor (= 0.66.4)
    - React-perflogger (= 0.66.4)
    - Yoga
  - React-Core/RCTPushNotificationHeaders (0.66.4):
    - glog
    - RCT-Folly (= 2021.06.28.00-v2)
    - React-Core/Default
    - React-cxxreact (= 0.66.4)
    - React-jsi (= 0.66.4)
    - React-jsiexecutor (= 0.66.4)
    - React-perflogger (= 0.66.4)
    - Yoga
  - React-Core/RCTSettingsHeaders (0.66.4):
    - glog
    - RCT-Folly (= 2021.06.28.00-v2)
    - React-Core/Default
    - React-cxxreact (= 0.66.4)
    - React-jsi (= 0.66.4)
    - React-jsiexecutor (= 0.66.4)
    - React-perflogger (= 0.66.4)
    - Yoga
  - React-Core/RCTTextHeaders (0.66.4):
    - glog
    - RCT-Folly (= 2021.06.28.00-v2)
    - React-Core/Default
    - React-cxxreact (= 0.66.4)
    - React-jsi (= 0.66.4)
    - React-jsiexecutor (= 0.66.4)
    - React-perflogger (= 0.66.4)
    - Yoga
  - React-Core/RCTWebSocket (0.66.4):
    - glog
    - RCT-Folly (= 2021.06.28.00-v2)
    - React-Core/Default (= 0.66.4)
    - React-cxxreact (= 0.66.4)
    - React-jsi (= 0.66.4)
    - React-jsiexecutor (= 0.66.4)
    - React-perflogger (= 0.66.4)
    - Yoga
  - React-CoreModules (0.66.4):
    - FBReactNativeSpec (= 0.66.4)
    - RCT-Folly (= 2021.06.28.00-v2)
    - RCTTypeSafety (= 0.66.4)
    - React-Core/CoreModulesHeaders (= 0.66.4)
    - React-jsi (= 0.66.4)
    - React-RCTImage (= 0.66.4)
    - ReactCommon/turbomodule/core (= 0.66.4)
  - React-cxxreact (0.66.4):
    - boost (= 1.76.0)
    - DoubleConversion
    - glog
    - RCT-Folly (= 2021.06.28.00-v2)
    - React-callinvoker (= 0.66.4)
    - React-jsi (= 0.66.4)
    - React-jsinspector (= 0.66.4)
    - React-logger (= 0.66.4)
    - React-perflogger (= 0.66.4)
    - React-runtimeexecutor (= 0.66.4)
  - React-jsi (0.66.4):
    - boost (= 1.76.0)
    - DoubleConversion
    - glog
    - RCT-Folly (= 2021.06.28.00-v2)
    - React-jsi/Default (= 0.66.4)
  - React-jsi/Default (0.66.4):
    - boost (= 1.76.0)
    - DoubleConversion
    - glog
    - RCT-Folly (= 2021.06.28.00-v2)
  - React-jsiexecutor (0.66.4):
    - DoubleConversion
    - glog
    - RCT-Folly (= 2021.06.28.00-v2)
    - React-cxxreact (= 0.66.4)
    - React-jsi (= 0.66.4)
    - React-perflogger (= 0.66.4)
  - React-jsinspector (0.66.4)
  - React-logger (0.66.4):
    - glog
  - React-perflogger (0.66.4)
  - React-RCTAnimation (0.66.4):
    - FBReactNativeSpec (= 0.66.4)
    - RCT-Folly (= 2021.06.28.00-v2)
    - RCTTypeSafety (= 0.66.4)
    - React-Core/RCTAnimationHeaders (= 0.66.4)
    - React-jsi (= 0.66.4)
    - ReactCommon/turbomodule/core (= 0.66.4)
  - React-RCTBlob (0.66.4):
    - FBReactNativeSpec (= 0.66.4)
    - RCT-Folly (= 2021.06.28.00-v2)
    - React-Core/RCTBlobHeaders (= 0.66.4)
    - React-Core/RCTWebSocket (= 0.66.4)
    - React-jsi (= 0.66.4)
    - React-RCTNetwork (= 0.66.4)
    - ReactCommon/turbomodule/core (= 0.66.4)
  - React-RCTImage (0.66.4):
    - FBReactNativeSpec (= 0.66.4)
    - RCT-Folly (= 2021.06.28.00-v2)
    - RCTTypeSafety (= 0.66.4)
    - React-Core/RCTImageHeaders (= 0.66.4)
    - React-jsi (= 0.66.4)
    - React-RCTNetwork (= 0.66.4)
    - ReactCommon/turbomodule/core (= 0.66.4)
  - React-RCTLinking (0.66.4):
    - FBReactNativeSpec (= 0.66.4)
    - React-Core/RCTLinkingHeaders (= 0.66.4)
    - React-jsi (= 0.66.4)
    - ReactCommon/turbomodule/core (= 0.66.4)
  - React-RCTNetwork (0.66.4):
    - FBReactNativeSpec (= 0.66.4)
    - RCT-Folly (= 2021.06.28.00-v2)
    - RCTTypeSafety (= 0.66.4)
    - React-Core/RCTNetworkHeaders (= 0.66.4)
    - React-jsi (= 0.66.4)
    - ReactCommon/turbomodule/core (= 0.66.4)
  - React-RCTPushNotification (0.66.4):
    - FBReactNativeSpec (= 0.66.4)
    - RCTTypeSafety (= 0.66.4)
    - React-Core/RCTPushNotificationHeaders (= 0.66.4)
    - React-jsi (= 0.66.4)
    - ReactCommon/turbomodule/core (= 0.66.4)
  - React-RCTSettings (0.66.4):
    - FBReactNativeSpec (= 0.66.4)
    - RCT-Folly (= 2021.06.28.00-v2)
    - RCTTypeSafety (= 0.66.4)
    - React-Core/RCTSettingsHeaders (= 0.66.4)
    - React-jsi (= 0.66.4)
    - ReactCommon/turbomodule/core (= 0.66.4)
  - React-RCTTest (0.66.4):
    - RCT-Folly (= 2021.06.28.00-v2)
    - React-Core (= 0.66.4)
    - React-CoreModules (= 0.66.4)
    - React-jsi (= 0.66.4)
    - ReactCommon/turbomodule/core (= 0.66.4)
  - React-RCTText (0.66.4):
    - React-Core/RCTTextHeaders (= 0.66.4)
  - React-runtimeexecutor (0.66.4):
    - React-jsi (= 0.66.4)
  - ReactCommon/turbomodule/core (0.66.4):
    - DoubleConversion
    - glog
    - RCT-Folly (= 2021.06.28.00-v2)
    - React-callinvoker (= 0.66.4)
    - React-Core (= 0.66.4)
    - React-cxxreact (= 0.66.4)
    - React-jsi (= 0.66.4)
    - React-logger (= 0.66.4)
    - React-perflogger (= 0.66.4)
  - ReactCommon/turbomodule/samples (0.66.4):
    - DoubleConversion
    - glog
    - RCT-Folly (= 2021.06.28.00-v2)
    - React-callinvoker (= 0.66.4)
    - React-Core (= 0.66.4)
    - React-cxxreact (= 0.66.4)
    - React-jsi (= 0.66.4)
    - React-logger (= 0.66.4)
    - React-perflogger (= 0.66.4)
    - ReactCommon/turbomodule/core (= 0.66.4)
  - Yoga (1.14.0)

DEPENDENCIES:
  - boost (from `../../third-party-podspecs/boost.podspec`)
  - DoubleConversion (from `../../third-party-podspecs/DoubleConversion.podspec`)
  - FBLazyVector (from `../../Libraries/FBLazyVector`)
  - FBReactNativeSpec (from `../../React/FBReactNativeSpec`)
  - glog (from `../../third-party-podspecs/glog.podspec`)
  - RCT-Folly (from `../../third-party-podspecs/RCT-Folly.podspec`)
  - RCTRequired (from `../../Libraries/RCTRequired`)
  - RCTTypeSafety (from `../../Libraries/TypeSafety`)
  - React (from `../../`)
  - React-callinvoker (from `../../ReactCommon/callinvoker`)
  - React-Core (from `../../`)
  - React-Core/DevSupport (from `../../`)
  - React-Core/RCTWebSocket (from `../../`)
  - React-CoreModules (from `../../React/CoreModules`)
  - React-cxxreact (from `../../ReactCommon/cxxreact`)
  - React-jsi (from `../../ReactCommon/jsi`)
  - React-jsiexecutor (from `../../ReactCommon/jsiexecutor`)
  - React-jsinspector (from `../../ReactCommon/jsinspector`)
  - React-logger (from `../../ReactCommon/logger`)
  - React-perflogger (from `../../ReactCommon/reactperflogger`)
  - React-RCTAnimation (from `../../Libraries/NativeAnimation`)
  - React-RCTBlob (from `../../Libraries/Blob`)
  - React-RCTImage (from `../../Libraries/Image`)
  - React-RCTLinking (from `../../Libraries/LinkingIOS`)
  - React-RCTNetwork (from `../../Libraries/Network`)
  - React-RCTPushNotification (from `../../Libraries/PushNotificationIOS`)
  - React-RCTSettings (from `../../Libraries/Settings`)
  - React-RCTTest (from `./RCTTest`)
  - React-RCTText (from `../../Libraries/Text`)
  - React-runtimeexecutor (from `../../ReactCommon/runtimeexecutor`)
  - ReactCommon/turbomodule/core (from `../../ReactCommon`)
  - ReactCommon/turbomodule/samples (from `../../ReactCommon`)
  - Yoga (from `../../ReactCommon/yoga`)

EXTERNAL SOURCES:
  boost:
    :podspec: "../../third-party-podspecs/boost.podspec"
  DoubleConversion:
    :podspec: "../../third-party-podspecs/DoubleConversion.podspec"
  FBLazyVector:
    :path: "../../Libraries/FBLazyVector"
  FBReactNativeSpec:
    :path: "../../React/FBReactNativeSpec"
  glog:
    :podspec: "../../third-party-podspecs/glog.podspec"
  RCT-Folly:
    :podspec: "../../third-party-podspecs/RCT-Folly.podspec"
  RCTRequired:
    :path: "../../Libraries/RCTRequired"
  RCTTypeSafety:
    :path: "../../Libraries/TypeSafety"
  React:
    :path: "../../"
  React-callinvoker:
    :path: "../../ReactCommon/callinvoker"
  React-Core:
    :path: "../../"
  React-CoreModules:
    :path: "../../React/CoreModules"
  React-cxxreact:
    :path: "../../ReactCommon/cxxreact"
  React-jsi:
    :path: "../../ReactCommon/jsi"
  React-jsiexecutor:
    :path: "../../ReactCommon/jsiexecutor"
  React-jsinspector:
    :path: "../../ReactCommon/jsinspector"
  React-logger:
    :path: "../../ReactCommon/logger"
  React-perflogger:
    :path: "../../ReactCommon/reactperflogger"
  React-RCTAnimation:
    :path: "../../Libraries/NativeAnimation"
  React-RCTBlob:
    :path: "../../Libraries/Blob"
  React-RCTImage:
    :path: "../../Libraries/Image"
  React-RCTLinking:
    :path: "../../Libraries/LinkingIOS"
  React-RCTNetwork:
    :path: "../../Libraries/Network"
  React-RCTPushNotification:
    :path: "../../Libraries/PushNotificationIOS"
  React-RCTSettings:
    :path: "../../Libraries/Settings"
  React-RCTTest:
    :path: "./RCTTest"
  React-RCTText:
    :path: "../../Libraries/Text"
  React-runtimeexecutor:
    :path: "../../ReactCommon/runtimeexecutor"
  ReactCommon:
    :path: "../../ReactCommon"
  Yoga:
    :path: "../../ReactCommon/yoga"

SPEC CHECKSUMS:
  boost: a7c83b31436843459a1961bfd74b96033dc77234
  DoubleConversion: 902b82e9c98c92a2cb3cbed850842adff4d66e29
  FBLazyVector: 7ccea9622532f33b028c7edb746948c213bd7103
  FBReactNativeSpec: 66bf2de8db6939eff1432f2202916d9af3870da2
  glog: 1c24d0cb9571f9d51d9f9344be9ddadea3e624de
  RCT-Folly: f90447a52f6e45543a46742098fcec67a7818844
  RCTRequired: 2a6ce5c3f0caa3df1624edd21496e7cf62f02977
  RCTTypeSafety: 17607c0a0ea76c2c3b9c767ec50194ffbfe8b7af
  React: c4c336d613edd2d7be912c3ba42062f538754e49
  React-callinvoker: 57d365cfdb86082137bf3773d374f4865ed48832
  React-Core: 4bc5ef5ea23e3024006400ebbbfb44398b2b32a2
  React-CoreModules: 3302a4c9fa84c7e45f15a06c81aedb059ef8138c
  React-cxxreact: 02633ff398cf7e91a2c1e12590d323c4a4b8668a
  React-jsi: ed11da9a818d0c7db775a482c5c0882a12f37190
  React-jsiexecutor: 54a268341b33bc9b60005be318db542eeeeb0ac9
  React-jsinspector: 7a30147256e8bd8620ab598647318664b5cd8c59
  React-logger: 933f80c97c633ee8965d609876848148e3fef438
  React-perflogger: 3484e22eebff75cb6589ffe6708868835e3a6212
  React-RCTAnimation: 197bfe6c8b37ada30a088d3e46e52cb3c7aeb891
  React-RCTBlob: 4dbfb0a82b06c86bad36837e75862b968e322ede
  React-RCTImage: 92fd2c9fe8c1779a7e946aac1f107347e96e735e
  React-RCTLinking: 9fbb8a2d13adde31133a0e74a9bb044ec5528db5
  React-RCTNetwork: 1b1ae981b5f6d1809ef907f39f9172c01e550330
  React-RCTPushNotification: 4e4a9d243d9b01eb2113cbc7aed53da99baf0838
  React-RCTSettings: 1f5a2d76ca68e724d4555f8227aedf10230abca2
  React-RCTTest: 487ea97e4f6bc88cb0a048462b8e7d171a3284ff
  React-RCTText: f09a4094843435c57769f9cdaed0eb72ca3c1f73
  React-runtimeexecutor: 8460411b162564ff016d8b09e8515d252efe23a8
  ReactCommon: a29b211e6c848ff1e62ab3fcd9f5037ca889b047
  Yoga: 37a7af19abb181cdf2f651cbd0cce40ea69fc8dd

PODFILE CHECKSUM: fb8eb97fb4cceb30da6c05f50226627dc2aeb087

COCOAPODS: 1.10.2
